
Microsoft Visual Studio Solution File, Format Version 12.00
# Visual Studio 15
VisualStudioVersion = 15.0.26730.10
MinimumVisualStudioVersion = 10.0.40219.1
Project("{FAE04EC0-301F-11D3-BF4B-00C04F79EFBC}") = "NudgeHarvester", "NudgeHarvester\NudgeHarvester.csproj", "{CE641D5F-C6CD-4E03-89DE-3D58028ABAE8}"
EndProject
Project("{FAE04EC0-301F-11D3-BF4B-00C04F79EFBC}") = "NudgeToaster", "NudgeToaser\NudgeToaster.csproj", "{B1384948-63A5-4098-B0EE-7ED3464D9758}"
EndProject
Project("{D954291E-2A0B-460D-934E-DC6B0785DB48}") = "NudgeUtils", "NudgeUtils\NudgeUtils.shproj", "{A843EF69-D44E-4D8E-A188-A4CC8A6D94AD}"
EndProject
Global
	GlobalSection(SharedMSBuildProjectFiles) = preSolution
		NudgeUtils\NudgeUtils.projitems*{a843ef69-d44e-4d8e-a188-a4cc8a6d94ad}*SharedItemsImports = 13
		NudgeUtils\NudgeUtils.projitems*{b1384948-63a5-4098-b0ee-7ed3464d9758}*SharedItemsImports = 4
		NudgeUtils\NudgeUtils.projitems*{ce641d5f-c6cd-4e03-89de-3d58028abae8}*SharedItemsImports = 4
	EndGlobalSection
	GlobalSection(SolutionConfigurationPlatforms) = preSolution
		Debug|Any CPU = Debug|Any CPU
		Debug|ARM = Debug|ARM
		Debug|x64 = Debug|x64
		Debug|x86 = Debug|x86
		Release|Any CPU = Release|Any CPU
		Release|ARM = Release|ARM
		Release|x64 = Release|x64
		Release|x86 = Release|x86
	EndGlobalSection
	GlobalSection(ProjectConfigurationPlatforms) = postSolution
		{CE641D5F-C6CD-4E03-89DE-3D58028ABAE8}.Debug|Any CPU.ActiveCfg = Debug|Any CPU
		{CE641D5F-C6CD-4E03-89DE-3D58028ABAE8}.Debug|Any CPU.Build.0 = Debug|Any CPU
		{CE641D5F-C6CD-4E03-89DE-3D58028ABAE8}.Debug|ARM.ActiveCfg = Debug|Any CPU
		{CE641D5F-C6CD-4E03-89DE-3D58028ABAE8}.Debug|ARM.Build.0 = Debug|Any CPU
		{CE641D5F-C6CD-4E03-89DE-3D58028ABAE8}.Debug|x64.ActiveCfg = Debug|Any CPU
		{CE641D5F-C6CD-4E03-89DE-3D58028ABAE8}.Debug|x64.Build.0 = Debug|Any CPU
		{CE641D5F-C6CD-4E03-89DE-3D58028ABAE8}.Debug|x86.ActiveCfg = Debug|Any CPU
		{CE641D5F-C6CD-4E03-89DE-3D58028ABAE8}.Debug|x86.Build.0 = Debug|Any CPU
		{CE641D5F-C6CD-4E03-89DE-3D58028ABAE8}.Release|Any CPU.ActiveCfg = Release|Any CPU
		{CE641D5F-C6CD-4E03-89DE-3D58028ABAE8}.Release|Any CPU.Build.0 = Release|Any CPU
		{CE641D5F-C6CD-4E03-89DE-3D58028ABAE8}.Release|ARM.ActiveCfg = Release|Any CPU
		{CE641D5F-C6CD-4E03-89DE-3D58028ABAE8}.Release|ARM.Build.0 = Release|Any CPU
		{CE641D5F-C6CD-4E03-89DE-3D58028ABAE8}.Release|x64.ActiveCfg = Release|Any CPU
		{CE641D5F-C6CD-4E03-89DE-3D58028ABAE8}.Release|x64.Build.0 = Release|Any CPU
		{CE641D5F-C6CD-4E03-89DE-3D58028ABAE8}.Release|x86.ActiveCfg = Release|Any CPU
		{CE641D5F-C6CD-4E03-89DE-3D58028ABAE8}.Release|x86.Build.0 = Release|Any CPU
		{B1384948-63A5-4098-B0EE-7ED3464D9758}.Debug|Any CPU.ActiveCfg = Debug|Any CPU
		{B1384948-63A5-4098-B0EE-7ED3464D9758}.Debug|Any CPU.Build.0 = Debug|Any CPU
		{B1384948-63A5-4098-B0EE-7ED3464D9758}.Debug|ARM.ActiveCfg = Debug|Any CPU
		{B1384948-63A5-4098-B0EE-7ED3464D9758}.Debug|ARM.Build.0 = Debug|Any CPU
		{B1384948-63A5-4098-B0EE-7ED3464D9758}.Debug|x64.ActiveCfg = Debug|Any CPU
		{B1384948-63A5-4098-B0EE-7ED3464D9758}.Debug|x64.Build.0 = Debug|Any CPU
		{B1384948-63A5-4098-B0EE-7ED3464D9758}.Debug|x86.ActiveCfg = Debug|Any CPU
		{B1384948-63A5-4098-B0EE-7ED3464D9758}.Debug|x86.Build.0 = Debug|Any CPU
		{B1384948-63A5-4098-B0EE-7ED3464D9758}.Release|Any CPU.ActiveCfg = Release|Any CPU
		{B1384948-63A5-4098-B0EE-7ED3464D9758}.Release|Any CPU.Build.0 = Release|Any CPU
		{B1384948-63A5-4098-B0EE-7ED3464D9758}.Release|ARM.ActiveCfg = Release|Any CPU
		{B1384948-63A5-4098-B0EE-7ED3464D9758}.Release|ARM.Build.0 = Release|Any CPU
		{B1384948-63A5-4098-B0EE-7ED3464D9758}.Release|x64.ActiveCfg = Release|Any CPU
		{B1384948-63A5-4098-B0EE-7ED3464D9758}.Release|x64.Build.0 = Release|Any CPU
		{B1384948-63A5-4098-B0EE-7ED3464D9758}.Release|x86.ActiveCfg = Release|Any CPU
		{B1384948-63A5-4098-B0EE-7ED3464D9758}.Release|x86.Build.0 = Release|Any CPU
	EndGlobalSection
	GlobalSection(SolutionProperties) = preSolution
		HideSolutionNode = FALSE
	EndGlobalSection
	GlobalSection(ExtensibilityGlobals) = postSolution
		SolutionGuid = {57188DA2-0AD8-41A0-B9DA-BE114D958B37}
	EndGlobalSection
EndGlobal
